// !$*UTF8*$!
{
	archiveVersion = 1;
	classes = {
	};
	objectVersion = 46;
	objects = {

/* Begin PBXBuildFile section */
		AD9515F91B8C5361002A30AC /* bluryView.m in Sources */ = {isa = PBXBuildFile; fileRef = AD9515F81B8C5361002A30AC /* bluryView.m */; };
		ADB2B2BC1B8B143200776DCE /* main.m in Sources */ = {isa = PBXBuildFile; fileRef = ADB2B2BB1B8B143200776DCE /* main.m */; };
		ADB2B2BF1B8B143200776DCE /* AppDelegate.m in Sources */ = {isa = PBXBuildFile; fileRef = ADB2B2BE1B8B143200776DCE /* AppDelegate.m */; };
		ADB2B2C21B8B143200776DCE /* ViewController.m in Sources */ = {isa = PBXBuildFile; fileRef = ADB2B2C11B8B143200776DCE /* ViewController.m */; };
		ADB2B2C51B8B143200776DCE /* Main.storyboard in Resources */ = {isa = PBXBuildFile; fileRef = ADB2B2C31B8B143200776DCE /* Main.storyboard */; };
		ADB2B2C71B8B143200776DCE /* Images.xcassets in Resources */ = {isa = PBXBuildFile; fileRef = ADB2B2C61B8B143200776DCE /* Images.xcassets */; };
		ADB2B2CA1B8B143200776DCE /* LaunchScreen.xib in Resources */ = {isa = PBXBuildFile; fileRef = ADB2B2C81B8B143200776DCE /* LaunchScreen.xib */; };
		ADB2B2D61B8B143200776DCE /* BlurryImageTests.m in Sources */ = {isa = PBXBuildFile; fileRef = ADB2B2D51B8B143200776DCE /* BlurryImageTests.m */; };
		ADB2B2E11B8B145600776DCE /* UIImage+ImageEffects.m in Sources */ = {isa = PBXBuildFile; fileRef = ADB2B2E01B8B145600776DCE /* UIImage+ImageEffects.m */; };
		ADB2B2E31B8B198800776DCE /* FriendsBackground.png in Resources */ = {isa = PBXBuildFile; fileRef = ADB2B2E21B8B198800776DCE /* FriendsBackground.png */; };
/* End PBXBuildFile section */

/* Begin PBXContainerItemProxy section */
		ADB2B2D01B8B143200776DCE /* PBXContainerItemProxy */ = {
			isa = PBXContainerItemProxy;
			containerPortal = ADB2B2AE1B8B143200776DCE /* Project object */;
			proxyType = 1;
			remoteGlobalIDString = ADB2B2B51B8B143200776DCE;
			remoteInfo = BlurryImage;
		};
/* End PBXContainerItemProxy section */

/* Begin PBXFileReference section */
		AD9515F71B8C5361002A30AC /* bluryView.h */ = {isa = PBXFileReference; fileEncoding = 4; lastKnownFileType = sourcecode.c.h; path = bluryView.h; sourceTree = "<group>"; };
		AD9515F81B8C5361002A30AC /* bluryView.m */ = {isa = PBXFileReference; fileEncoding = 4; lastKnownFileType = sourcecode.c.objc; path = bluryView.m; sourceTree = "<group>"; };
		ADB2B2B61B8B143200776DCE /* BlurryImage.app */ = {isa = PBXFileReference; explicitFileType = wrapper.application; includeInIndex = 0; path = BlurryImage.app; sourceTree = BUILT_PRODUCTS_DIR; };
		ADB2B2BA1B8B143200776DCE /* Info.plist */ = {isa = PBXFileReference; lastKnownFileType = text.plist.xml; path = Info.plist; sourceTree = "<group>"; };
		ADB2B2BB1B8B143200776DCE /* main.m */ = {isa = PBXFileReference; lastKnownFileType = sourcecode.c.objc; path = main.m; sourceTree = "<group>"; };
		ADB2B2BD1B8B143200776DCE /* AppDelegate.h */ = {isa = PBXFileReference; lastKnownFileType = sourcecode.c.h; path = AppDelegate.h; sourceTree = "<group>"; };
		ADB2B2BE1B8B143200776DCE /* AppDelegate.m */ = {isa = PBXFileReference; lastKnownFileType = sourcecode.c.objc; path = AppDelegate.m; sourceTree = "<group>"; };
		ADB2B2C01B8B143200776DCE /* ViewController.h */ = {isa = PBXFileReference; lastKnownFileType = sourcecode.c.h; path = ViewController.h; sourceTree = "<group>"; };
		ADB2B2C11B8B143200776DCE /* ViewController.m */ = {isa = PBXFileReference; lastKnownFileType = sourcecode.c.objc; path = ViewController.m; sourceTree = "<group>"; };
		ADB2B2C41B8B143200776DCE /* Base */ = {isa = PBXFileReference; lastKnownFileType = file.storyboard; name = Base; path = Base.lproj/Main.storyboard; sourceTree = "<group>"; };
		ADB2B2C61B8B143200776DCE /* Images.xcassets */ = {isa = PBXFileReference; lastKnownFileType = folder.assetcatalog; path = Images.xcassets; sourceTree = "<group>"; };
		ADB2B2C91B8B143200776DCE /* Base */ = {isa = PBXFileReference; lastKnownFileType = file.xib; name = Base; path = Base.lproj/LaunchScreen.xib; sourceTree = "<group>"; };
		ADB2B2CF1B8B143200776DCE /* BlurryImageTests.xctest */ = {isa = PBXFileReference; explicitFileType = wrapper.cfbundle; includeInIndex = 0; path = BlurryImageTests.xctest; sourceTree = BUILT_PRODUCTS_DIR; };
		ADB2B2D41B8B143200776DCE /* Info.plist */ = {isa = PBXFileReference; lastKnownFileType = text.plist.xml; path = Info.plist; sourceTree = "<group>"; };
		ADB2B2D51B8B143200776DCE /* BlurryImageTests.m */ = {isa = PBXFileReference; lastKnownFileType = sourcecode.c.objc; path = BlurryImageTests.m; sourceTree = "<group>"; };
		ADB2B2DF1B8B145600776DCE /* UIImage+ImageEffects.h */ = {isa = PBXFileReference; fileEncoding = 4; lastKnownFileType = sourcecode.c.h; path = "UIImage+ImageEffects.h"; sourceTree = "<group>"; };
		ADB2B2E01B8B145600776DCE /* UIImage+ImageEffects.m */ = {isa = PBXFileReference; fileEncoding = 4; lastKnownFileType = sourcecode.c.objc; path = "UIImage+ImageEffects.m"; sourceTree = "<group>"; };
		ADB2B2E21B8B198800776DCE /* FriendsBackground.png */ = {isa = PBXFileReference; lastKnownFileType = image.png; path = FriendsBackground.png; sourceTree = "<group>"; };
/* End PBXFileReference section */

/* Begin PBXFrameworksBuildPhase section */
		ADB2B2B31B8B143200776DCE /* Frameworks */ = {
			isa = PBXFrameworksBuildPhase;
			buildActionMask = 2147483647;
			files = (
			);
			runOnlyForDeploymentPostprocessing = 0;
		};
		ADB2B2CC1B8B143200776DCE /* Frameworks */ = {
			isa = PBXFrameworksBuildPhase;
			buildActionMask = 2147483647;
			files = (
			);
			runOnlyForDeploymentPostprocessing = 0;
		};
/* End PBXFrameworksBuildPhase section */

/* Begin PBXGroup section */
		ADB2B2AD1B8B143200776DCE = {
			isa = PBXGroup;
			children = (
				ADB2B2B81B8B143200776DCE /* BlurryImage */,
				ADB2B2D21B8B143200776DCE /* BlurryImageTests */,
				ADB2B2B71B8B143200776DCE /* Products */,
			);
			sourceTree = "<group>";
		};
		ADB2B2B71B8B143200776DCE /* Products */ = {
			isa = PBXGroup;
			children = (
				ADB2B2B61B8B143200776DCE /* BlurryImage.app */,
				ADB2B2CF1B8B143200776DCE /* BlurryImageTests.xctest */,
			);
			name = Products;
			sourceTree = "<group>";
		};
		ADB2B2B81B8B143200776DCE /* BlurryImage */ = {
			isa = PBXGroup;
			children = (
				ADB2B2BD1B8B143200776DCE /* AppDelegate.h */,
				ADB2B2BE1B8B143200776DCE /* AppDelegate.m */,
				ADB2B2DF1B8B145600776DCE /* UIImage+ImageEffects.h */,
				ADB2B2E01B8B145600776DCE /* UIImage+ImageEffects.m */,
				AD9515F71B8C5361002A30AC /* bluryView.h */,
				AD9515F81B8C5361002A30AC /* bluryView.m */,
				ADB2B2C01B8B143200776DCE /* ViewController.h */,
				ADB2B2C11B8B143200776DCE /* ViewController.m */,
				ADB2B2C31B8B143200776DCE /* Main.storyboard */,
				ADB2B2E21B8B198800776DCE /* FriendsBackground.png */,
				ADB2B2C61B8B143200776DCE /* Images.xcassets */,
				ADB2B2C81B8B143200776DCE /* LaunchScreen.xib */,
				ADB2B2B91B8B143200776DCE /* Supporting Files */,
			);
			path = BlurryImage;
			sourceTree = "<group>";
		};
		ADB2B2B91B8B143200776DCE /* Supporting Files */ = {
			isa = PBXGroup;
			children = (
				ADB2B2BA1B8B143200776DCE /* Info.plist */,
				ADB2B2BB1B8B143200776DCE /* main.m */,
			);
			name = "Supporting Files";
			sourceTree = "<group>";
		};
		ADB2B2D21B8B143200776DCE /* BlurryImageTests */ = {
			isa = PBXGroup;
			children = (
				ADB2B2D51B8B143200776DCE /* BlurryImageTests.m */,
				ADB2B2D31B8B143200776DCE /* Supporting Files */,
			);
			path = BlurryImageTests;
			sourceTree = "<group>";
		};
		ADB2B2D31B8B143200776DCE /* Supporting Files */ = {
			isa = PBXGroup;
			children = (
				ADB2B2D41B8B143200776DCE /* Info.plist */,
			);
			name = "Supporting Files";
			sourceTree = "<group>";
		};
/* End PBXGroup section */

/* Begin PBXNativeTarget section */
		ADB2B2B51B8B143200776DCE /* BlurryImage */ = {
			isa = PBXNativeTarget;
			buildConfigurationList = ADB2B2D91B8B143200776DCE /* Build configuration list for PBXNativeTarget "BlurryImage" */;
			buildPhases = (
				ADB2B2B21B8B143200776DCE /* Sources */,
				ADB2B2B31B8B143200776DCE /* Frameworks */,
				ADB2B2B41B8B143200776DCE /* Resources */,
			);
			buildRules = (
			);
			dependencies = (
			);
			name = BlurryImage;
			productName = BlurryImage;
			productReference = ADB2B2B61B8B143200776DCE /* BlurryImage.app */;
			productType = "com.apple.product-type.application";
		};
		ADB2B2CE1B8B143200776DCE /* BlurryImageTests */ = {
			isa = PBXNativeTarget;
			buildConfigurationList = ADB2B2DC1B8B143200776DCE /* Build configuration list for PBXNativeTarget "BlurryImageTests" */;
			buildPhases = (
				ADB2B2CB1B8B143200776DCE /* Sources */,
				ADB2B2CC1B8B143200776DCE /* Frameworks */,
				ADB2B2CD1B8B143200776DCE /* Resources */,
			);
			buildRules = (
			);
			dependencies = (
				ADB2B2D11B8B143200776DCE /* PBXTargetDependency */,
			);
			name = BlurryImageTests;
			productName = BlurryImageTests;
			productReference = ADB2B2CF1B8B143200776DCE /* BlurryImageTests.xctest */;
			productType = "com.apple.product-type.bundle.unit-test";
		};
/* End PBXNativeTarget section */

/* Begin PBXProject section */
		ADB2B2AE1B8B143200776DCE /* Project object */ = {
			isa = PBXProject;
			attributes = {
				LastUpgradeCheck = 0640;
				ORGANIZATIONNAME = "谈Xx";
				TargetAttributes = {
					ADB2B2B51B8B143200776DCE = {
						CreatedOnToolsVersion = 6.4;
					};
					ADB2B2CE1B8B143200776DCE = {
						CreatedOnToolsVersion = 6.4;
						TestTargetID = ADB2B2B51B8B143200776DCE;
					};
				};
			};
			buildConfigurationList = ADB2B2B11B8B143200776DCE /* Build configuration list for PBXProject "BlurryImage" */;
			compatibilityVersion = "Xcode 3.2";
			developmentRegion = English;
			hasScannedForEncodings = 0;
			knownRegions = (
				en,
				Base,
			);
			mainGroup = ADB2B2AD1B8B143200776DCE;
			productRefGroup = ADB2B2B71B8B143200776DCE /* Products */;
			projectDirPath = "";
			projectRoot = "";
			targets = (
				ADB2B2B51B8B143200776DCE /* BlurryImage */,
				ADB2B2CE1B8B143200776DCE /* BlurryImageTests */,
			);
		};
/* End PBXProject section */

/* Begin PBXResourcesBuildPhase section */
		ADB2B2B41B8B143200776DCE /* Resources */ = {
			isa = PBXResourcesBuildPhase;
			buildActionMask = 2147483647;
			files = (
				ADB2B2C51B8B143200776DCE /* Main.storyboard in Resources */,
				ADB2B2CA1B8B143200776DCE /* LaunchScreen.xib in Resources */,
				ADB2B2C71B8B143200776DCE /* Images.xcassets in Resources */,
				ADB2B2E31B8B198800776DCE /* FriendsBackground.png in Resources */,
			);
			runOnlyForDeploymentPostprocessing = 0;
		};
		ADB2B2CD1B8B143200776DCE /* Resources */ = {
			isa = PBXResourcesBuildPhase;
			buildActionMask = 2147483647;
			files = (
			);
			runOnlyForDeploymentPostprocessing = 0;
		};
/* End PBXResourcesBuildPhase section */

/* Begin PBXSourcesBuildPhase section */
		ADB2B2B21B8B143200776DCE /* Sources */ = {
			isa = PBXSourcesBuildPhase;
			buildActionMask = 2147483647;
			files = (
				ADB2B2E11B8B145600776DCE /* UIImage+ImageEffects.m in Sources */,
				ADB2B2C21B8B143200776DCE /* ViewController.m in Sources */,
				ADB2B2BF1B8B143200776DCE /* AppDelegate.m in Sources */,
				ADB2B2BC1B8B143200776DCE /* main.m in Sources */,
				AD9515F91B8C5361002A30AC /* bluryView.m in Sources */,
			);
			runOnlyForDeploymentPostprocessing = 0;
		};
		ADB2B2CB1B8B143200776DCE /* Sources */ = {
			isa = PBXSourcesBuildPhase;
			buildActionMask = 2147483647;
			files = (
				ADB2B2D61B8B143200776DCE /* BlurryImageTests.m in Sources */,
			);
			runOnlyForDeploymentPostprocessing = 0;
		};
/* End PBXSourcesBuildPhase section */

/* Begin PBXTargetDependency section */
		ADB2B2D11B8B143200776DCE /* PBXTargetDependency */ = {
			isa = PBXTargetDependency;
			target = ADB2B2B51B8B143200776DCE /* BlurryImage */;
			targetProxy = ADB2B2D01B8B143200776DCE /* PBXContainerItemProxy */;
		};
/* End PBXTargetDependency section */

/* Begin PBXVariantGroup section */
		ADB2B2C31B8B143200776DCE /* Main.storyboard */ = {
			isa = PBXVariantGroup;
			children = (
				ADB2B2C41B8B143200776DCE /* Base */,
			);
			name = Main.storyboard;
			sourceTree = "<group>";
		};
		ADB2B2C81B8B143200776DCE /* LaunchScreen.xib */ = {
			isa = PBXVariantGroup;
			children = (
				ADB2B2C91B8B143200776DCE /* Base */,
			);
			name = LaunchScreen.xib;
			sourceTree = "<group>";
		};
/* End PBXVariantGroup section */

/* Begin XCBuildConfiguration section */
		ADB2B2D71B8B143200776DCE /* Debug */ = {
			isa = XCBuildConfiguration;
			buildSettings = {
				ALWAYS_SEARCH_USER_PATHS = NO;
				CLANG_CXX_LANGUAGE_STANDARD = "gnu++0x";
				CLANG_CXX_LIBRARY = "libc++";
				CLANG_ENABLE_MODULES = YES;
				CLANG_ENABLE_OBJC_ARC = YES;
				CLANG_WARN_BOOL_CONVERSION = YES;
				CLANG_WARN_CONSTANT_CONVERSION = YES;
				CLANG_WARN_DIRECT_OBJC_ISA_USAGE = YES_ERROR;
				CLANG_WARN_EMPTY_BODY = YES;
				CLANG_WARN_ENUM_CONVERSION = YES;
				CLANG_WARN_INT_CONVERSION = YES;
				CLANG_WARN_OBJC_ROOT_CLASS = YES_ERROR;
				CLANG_WARN_UNREACHABLE_CODE = YES;
				CLANG_WARN__DUPLICATE_METHOD_MATCH = YES;
				"CODE_SIGN_IDENTITY[sdk=iphoneos*]" = "iPhone Developer";
				COPY_PHASE_STRIP = NO;
				DEBUG_INFORMATION_FORMAT = "dwarf-with-dsym";
				ENABLE_STRICT_OBJC_MSGSEND = YES;
				GCC_C_LANGUAGE_STANDARD = gnu99;
				GCC_DYNAMIC_NO_PIC = NO;
				GCC_NO_COMMON_BLOCKS = YES;
				GCC_OPTIMIZATION_LEVEL = 0;
				GCC_PREPROCESSOR_DEFINITIONS = (
					"DEBUG=1",
					"$(inherited)",
				);
				GCC_SYMBOLS_PRIVATE_EXTERN = NO;
				GCC_WARN_64_TO_32_BIT_CONVERSION = YES;
				GCC_WARN_ABOUT_RETURN_TYPE = YES_ERROR;
				GCC_WARN_UNDECLARED_SELECTOR = YES;
				GCC_WARN_UNINITIALIZED_AUTOS = YES_AGGRESSIVE;
				GCC_WARN_UNUSED_FUNCTION = YES;
				GCC_WARN_UNUSED_VARIABLE = YES;
				IPHONEOS_DEPLOYMENT_TARGET = 8.4;
				MTL_ENABLE_DEBUG_INFO = YES;
				ONLY_ACTIVE_ARCH = YES;
				SDKROOT = iphoneos;
			};
			name = Debug;
		};
		ADB2B2D81B8B143200776DCE /* Release */ = {
			isa = XCBuildConfiguration;
			buildSettings = {
				ALWAYS_SEARCH_USER_PATHS = NO;
				CLANG_CXX_LANGUAGE_STANDARD = "gnu++0x";
				CLANG_CXX_LIBRARY = "libc++";
				CLANG_ENABLE_MODULES = YES;
				CLANG_ENABLE_OBJC_ARC = YES;
				CLANG_WARN_BOOL_CONVERSION = YES;
				CLANG_WARN_CONSTANT_CONVERSION = YES;
				CLANG_WARN_DIRECT_OBJC_ISA_USAGE = YES_ERROR;
				CLANG_WARN_EMPTY_BODY = YES;
				CLANG_WARN_ENUM_CONVERSION = YES;
				CLANG_WARN_INT_CONVERSION = YES;
				CLANG_WARN_OBJC_ROOT_CLASS = YES_ERROR;
				CLANG_WARN_UNREACHABLE_CODE = YES;
				CLANG_WARN__DUPLICATE_METHOD_MATCH = YES;
				"CODE_SIGN_IDENTITY[sdk=iphoneos*]" = "iPhone Developer";
				COPY_PHASE_STRIP = NO;
				DEBUG_INFORMATION_FORMAT = "dwarf-with-dsym";
				ENABLE_NS_ASSERTIONS = NO;
				ENABLE_STRICT_OBJC_MSGSEND = YES;
				GCC_C_LANGUAGE_STANDARD = gnu99;
				GCC_NO_COMMON_BLOCKS = YES;
				GCC_WARN_64_TO_32_BIT_CONVERSION = YES;
				GCC_WARN_ABOUT_RETURN_TYPE = YES_ERROR;
				GCC_WARN_UNDECLARED_SELECTOR = YES;
				GCC_WARN_UNINITIALIZED_AUTOS = YES_AGGRESSIVE;
				GCC_WARN_UNUSED_FUNCTION = YES;
				GCC_WARN_UNUSED_VARIABLE = YES;
				IPHONEOS_DEPLOYMENT_TARGET = 8.4;
				MTL_ENABLE_DEBUG_INFO = NO;
				SDKROOT = iphoneos;
				VALIDATE_PRODUCT = YES;
			};
			name = Release;
		};
		ADB2B2DA1B8B143200776DCE /* Debug */ = {
			isa = XCBuildConfiguration;
			buildSettings = {
				ASSETCATALOG_COMPILER_APPICON_NAME = AppIcon;
				INFOPLIST_FILE = BlurryImage/Info.plist;
				LD_RUNPATH_SEARCH_PATHS = "$(inherited) @executable_path/Frameworks";
				PRODUCT_NAME = "$(TARGET_NAME)";
			};
			name = Debug;
		};
		ADB2B2DB1B8B143200776DCE /* Release */ = {
			isa = XCBuildConfiguration;
			buildSettings = {
				ASSETCATALOG_COMPILER_APPICON_NAME = AppIcon;
				INFOPLIST_FILE = BlurryImage/Info.plist;
				LD_RUNPATH_SEARCH_PATHS = "$(inherited) @executable_path/Frameworks";
				PRODUCT_NAME = "$(TARGET_NAME)";
			};
			name = Release;
		};
		ADB2B2DD1B8B143200776DCE /* Debug */ = {
			isa = XCBuildConfiguration;
			buildSettings = {
				BUNDLE_LOADER = "$(TEST_HOST)";
				FRAMEWORK_SEARCH_PATHS = (
					"$(SDKROOT)/Developer/Library/Frameworks",
					"$(inherited)",
				);
				GCC_PREPROCESSOR_DEFINITIONS = (
					"DEBUG=1",
					"$(inherited)",
				);
				INFOPLIST_FILE = BlurryImageTests/Info.plist;
				LD_RUNPATH_SEARCH_PATHS = "$(inherited) @executable_path/Frameworks @loader_path/Frameworks";
				PRODUCT_NAME = "$(TARGET_NAME)";
				TEST_HOST = "$(BUILT_PRODUCTS_DIR)/BlurryImage.app/BlurryImage";
			};
			name = Debug;
		};
		ADB2B2DE1B8B143200776DCE /* Release */ = {
			isa = XCBuildConfiguration;
			buildSettings = {
				BUNDLE_LOADER = "$(TEST_HOST)";
				FRAMEWORK_SEARCH_PATHS = (
					"$(SDKROOT)/Developer/Library/Frameworks",
					"$(inherited)",
				);
				INFOPLIST_FILE = BlurryImageTests/Info.plist;
				LD_RUNPATH_SEARCH_PATHS = "$(inherited) @executable_path/Frameworks @loader_path/Frameworks";
				PRODUCT_NAME = "$(TARGET_NAME)";
				TEST_HOST = "$(BUILT_PRODUCTS_DIR)/BlurryImage.app/BlurryImage";
			};
			name = Release;
		};
/* End XCBuildConfiguration section */

/* Begin XCConfigurationList section */
		ADB2B2B11B8B143200776DCE /* Build configuration list for PBXProject "BlurryImage" */ = {
			isa = XCConfigurationList;
			buildConfigurations = (
				ADB2B2D71B8B143200776DCE /* Debug */,
				ADB2B2D81B8B143200776DCE /* Release */,
			);
			defaultConfigurationIsVisible = 0;
			defaultConfigurationName = Release;
		};
		ADB2B2D91B8B143200776DCE /* Build configuration list for PBXNativeTarget "BlurryImage" */ = {
			isa = XCConfigurationList;
			buildConfigurations = (
				ADB2B2DA1B8B143200776DCE /* Debug */,
				ADB2B2DB1B8B143200776DCE /* Release */,
			);
			defaultConfigurationIsVisible = 0;
			defaultConfigurationName = Release;
		};
		ADB2B2DC1B8B143200776DCE /* Build configuration list for PBXNativeTarget "BlurryImageTests" */ = {
			isa = XCConfigurationList;
			buildConfigurations = (
				ADB2B2DD1B8B143200776DCE /* Debug */,
				ADB2B2DE1B8B143200776DCE /* Release */,
			);
			defaultConfigurationIsVisible = 0;
			defaultConfigurationName = Release;
		};
/* End XCConfigurationList section */
	};
	rootObject = ADB2B2AE1B8B143200776DCE /* Project object */;
}
